
Microsoft Visual Studio Solution File, Format Version 12.00
# Visual Studio Version 16
VisualStudioVersion = 16.0.31402.337
MinimumVisualStudioVersion = 10.0.40219.1
Project("{FAE04EC0-301F-11D3-BF4B-00C04F79EFBC}") = "BirdInheritance", "BirdInheritance\BirdInheritance.csproj", "{24A93133-69BE-4ACD-B431-42DBF77107CB}"
EndProject
Global
	GlobalSection(SolutionConfigurationPlatforms) = preSolution
		Debug|Any CPU = Debug|Any CPU
		Release|Any CPU = Release|Any CPU
	EndGlobalSection
	GlobalSection(ProjectConfigurationPlatforms) = postSolution
		{24A93133-69BE-4ACD-B431-42DBF77107CB}.Debug|Any CPU.ActiveCfg = Debug|Any CPU
		{24A93133-69BE-4ACD-B431-42DBF77107CB}.Debug|Any CPU.Build.0 = Debug|Any CPU
		{24A93133-69BE-4ACD-B431-42DBF77107CB}.Release|Any CPU.ActiveCfg = Release|Any CPU
		{24A93133-69BE-4ACD-B431-42DBF77107CB}.Release|Any CPU.Build.0 = Release|Any CPU
	EndGlobalSection
	GlobalSection(SolutionProperties) = preSolution
		HideSolutionNode = FALSE
	EndGlobalSection
	GlobalSection(ExtensibilityGlobals) = postSolution
		SolutionGuid = {5EAF397D-924B-4A2D-9D39-70ABE7F33677}
	EndGlobalSection
EndGlobal
